Microsoft Visual Studio Solution File, Format Version 11.00
# Visual Studio 2008

Project("{9EE65487-DAFB-2F0A-0A37-224948BC6BEF}") = "Foreign Disease", "Assembly-CSharp.csproj", "{0A14D8F6-0E81-0B85-4FA8-D95AC3558F47}"
EndProject
Global
	GlobalSection(SolutionConfigurationPlatforms) = preSolution
		Debug|Any CPU = Debug|Any CPU
		Release|Any CPU = Release|Any CPU
	EndGlobalSection
	GlobalSection(ProjectConfigurationPlatforms) = postSolution
		{0A14D8F6-0E81-0B85-4FA8-D95AC3558F47}.Debug|Any CPU.ActiveCfg = Debug|Any CPU
		{0A14D8F6-0E81-0B85-4FA8-D95AC3558F47}.Debug|Any CPU.Build.0 = Debug|Any CPU
		{0A14D8F6-0E81-0B85-4FA8-D95AC3558F47}.Release|Any CPU.ActiveCfg = Release|Any CPU
		{0A14D8F6-0E81-0B85-4FA8-D95AC3558F47}.Release|Any CPU.Build.0 = Release|Any CPU
	EndGlobalSection
	GlobalSection(SolutionProperties) = preSolution
		HideSolutionNode = FALSE
	EndGlobalSection
	GlobalSection(MonoDevelopProperties) = preSolution
		StartupItem = Assembly-CSharp.csproj
	EndGlobalSection
EndGlobal
